
Microsoft Visual Studio Solution File, Format Version 12.00
# Visual Studio 15
VisualStudioVersion = 15.0.27428.2015
MinimumVisualStudioVersion = 10.0.40219.1
Project("{FAE04EC0-301F-11D3-BF4B-00C04F79EFBC}") = "CSRandomVariateLib", "CSRandomVariateLib\CSRandomVariateLib.csproj", "{49CEC4FC-8C7B-4514-9776-CF883CDEE82E}"
EndProject
Project("{FAE04EC0-301F-11D3-BF4B-00C04F79EFBC}") = "TestRVGs", "..\TestRVGs\TestRVGs.csproj", "{CCA1C9B7-A6D8-454E-91D5-9C719BE4AE1D}"
	ProjectSection(ProjectDependencies) = postProject
		{49CEC4FC-8C7B-4514-9776-CF883CDEE82E} = {49CEC4FC-8C7B-4514-9776-CF883CDEE82E}
	EndProjectSection
EndProject
Global
	GlobalSection(SolutionConfigurationPlatforms) = preSolution
		Debug|Any CPU = Debug|Any CPU
		Release|Any CPU = Release|Any CPU
	EndGlobalSection
	GlobalSection(ProjectConfigurationPlatforms) = postSolution
		{49CEC4FC-8C7B-4514-9776-CF883CDEE82E}.Debug|Any CPU.ActiveCfg = Debug|Any CPU
		{49CEC4FC-8C7B-4514-9776-CF883CDEE82E}.Debug|Any CPU.Build.0 = Debug|Any CPU
		{49CEC4FC-8C7B-4514-9776-CF883CDEE82E}.Release|Any CPU.ActiveCfg = Release|Any CPU
		{49CEC4FC-8C7B-4514-9776-CF883CDEE82E}.Release|Any CPU.Build.0 = Release|Any CPU
		{CCA1C9B7-A6D8-454E-91D5-9C719BE4AE1D}.Debug|Any CPU.ActiveCfg = Debug|Any CPU
		{CCA1C9B7-A6D8-454E-91D5-9C719BE4AE1D}.Debug|Any CPU.Build.0 = Debug|Any CPU
		{CCA1C9B7-A6D8-454E-91D5-9C719BE4AE1D}.Release|Any CPU.ActiveCfg = Release|Any CPU
		{CCA1C9B7-A6D8-454E-91D5-9C719BE4AE1D}.Release|Any CPU.Build.0 = Release|Any CPU
	EndGlobalSection
	GlobalSection(SolutionProperties) = preSolution
		HideSolutionNode = FALSE
	EndGlobalSection
	GlobalSection(ExtensibilityGlobals) = postSolution
		SolutionGuid = {8C9AFB0F-2BC3-4FB5-BE8F-DE89B7FD16BD}
	EndGlobalSection
EndGlobal
